
Microsoft Visual Studio Solution File, Format Version 12.00
# Visual Studio Version 17
VisualStudioVersion = 17.14.36511.14 d17.14
MinimumVisualStudioVersion = 10.0.40219.1
Project("{8BC9CEB8-8B4A-11D0-8D11-00A0C91BC942}") = "Zadanie11_2024", "Zadanie11_2024\Zadanie11_2024.vcxproj", "{C67C9BCF-6C3E-43FB-8EEB-CE0ECCDEF491}"
EndProject
Global
	GlobalSection(SolutionConfigurationPlatforms) = preSolution
		Debug|x64 = Debug|x64
		Debug|x86 = Debug|x86
		Release|x64 = Release|x64
		Release|x86 = Release|x86
	EndGlobalSection
	GlobalSection(ProjectConfigurationPlatforms) = postSolution
		{C67C9BCF-6C3E-43FB-8EEB-CE0ECCDEF491}.Debug|x64.ActiveCfg = Debug|x64
		{C67C9BCF-6C3E-43FB-8EEB-CE0ECCDEF491}.Debug|x64.Build.0 = Debug|x64
		{C67C9BCF-6C3E-43FB-8EEB-CE0ECCDEF491}.Debug|x86.ActiveCfg = Debug|Win32
		{C67C9BCF-6C3E-43FB-8EEB-CE0ECCDEF491}.Debug|x86.Build.0 = Debug|Win32
		{C67C9BCF-6C3E-43FB-8EEB-CE0ECCDEF491}.Release|x64.ActiveCfg = Release|x64
		{C67C9BCF-6C3E-43FB-8EEB-CE0ECCDEF491}.Release|x64.Build.0 = Release|x64
		{C67C9BCF-6C3E-43FB-8EEB-CE0ECCDEF491}.Release|x86.ActiveCfg = Release|Win32
		{C67C9BCF-6C3E-43FB-8EEB-CE0ECCDEF491}.Release|x86.Build.0 = Release|Win32
	EndGlobalSection
	GlobalSection(SolutionProperties) = preSolution
		HideSolutionNode = FALSE
	EndGlobalSection
	GlobalSection(ExtensibilityGlobals) = postSolution
		SolutionGuid = {797080AD-D348-4FF3-BA56-FDE95D182DE7}
	EndGlobalSection
EndGlobal
